
Microsoft Visual Studio Solution File, Format Version 12.00
# Visual Studio Version 17
VisualStudioVersion = 17.0.31912.275
MinimumVisualStudioVersion = 10.0.40219.1
Project("{FAE04EC0-301F-11D3-BF4B-00C04F79EFBC}") = "MariaDb-WPF", "MariaDb-WPF\MariaDb-WPF.csproj", "{1595657A-A990-4876-9997-8870A3F42523}"
EndProject
Global
	GlobalSection(SolutionConfigurationPlatforms) = preSolution
		Debug|Any CPU = Debug|Any CPU
		Release|Any CPU = Release|Any CPU
	EndGlobalSection
	GlobalSection(ProjectConfigurationPlatforms) = postSolution
		{1595657A-A990-4876-9997-8870A3F42523}.Debug|Any CPU.ActiveCfg = Debug|Any CPU
		{1595657A-A990-4876-9997-8870A3F42523}.Debug|Any CPU.Build.0 = Debug|Any CPU
		{1595657A-A990-4876-9997-8870A3F42523}.Release|Any CPU.ActiveCfg = Release|Any CPU
		{1595657A-A990-4876-9997-8870A3F42523}.Release|Any CPU.Build.0 = Release|Any CPU
	EndGlobalSection
	GlobalSection(SolutionProperties) = preSolution
		HideSolutionNode = FALSE
	EndGlobalSection
	GlobalSection(ExtensibilityGlobals) = postSolution
		SolutionGuid = {19A3A1BB-CAD4-42BD-BFF8-C7C672D07DE2}
	EndGlobalSection
EndGlobal
